// !$*UTF8*$!
{
	archiveVersion = 1;
	classes = {
	};
	objectVersion = 50;
	objects = {

/* Begin PBXBuildFile section */
		92B1EE0621FCC42C00A61FB9 /* HomeCoordinator.swift in Sources */ = {isa = PBXBuildFile; fileRef = 92B1EE0521FCC42C00A61FB9 /* HomeCoordinator.swift */; };
		92B1EE0821FCC5AB00A61FB9 /* DetailViewController.swift in Sources */ = {isa = PBXBuildFile; fileRef = 92B1EE0721FCC5AB00A61FB9 /* DetailViewController.swift */; };
		92B1EE0B21FCC78500A61FB9 /* SettingsCoordinator.swift in Sources */ = {isa = PBXBuildFile; fileRef = 92B1EE0A21FCC78500A61FB9 /* SettingsCoordinator.swift */; };
		92B1EE0D21FCC79F00A61FB9 /* SettingsViewController.swift in Sources */ = {isa = PBXBuildFile; fileRef = 92B1EE0C21FCC79F00A61FB9 /* SettingsViewController.swift */; };
		92B1EE0F21FCC99E00A61FB9 /* AuthCoordinator.swift in Sources */ = {isa = PBXBuildFile; fileRef = 92B1EE0E21FCC99E00A61FB9 /* AuthCoordinator.swift */; };
		92B1EE1521FCCB1300A61FB9 /* ProfileCoordinator.swift in Sources */ = {isa = PBXBuildFile; fileRef = 92B1EE1421FCCB1300A61FB9 /* ProfileCoordinator.swift */; };
		92B1EE1721FCCB2E00A61FB9 /* ProfileViewController.swift in Sources */ = {isa = PBXBuildFile; fileRef = 92B1EE1621FCCB2E00A61FB9 /* ProfileViewController.swift */; };
		92B1EE1921FCCCE200A61FB9 /* EditProfileViewController.swift in Sources */ = {isa = PBXBuildFile; fileRef = 92B1EE1821FCCCE200A61FB9 /* EditProfileViewController.swift */; };
		92D03A2521FC9C6C00E74BFE /* AppDelegate.swift in Sources */ = {isa = PBXBuildFile; fileRef = 92D03A2421FC9C6C00E74BFE /* AppDelegate.swift */; };
		92D03A2721FC9C6C00E74BFE /* LoginViewController.swift in Sources */ = {isa = PBXBuildFile; fileRef = 92D03A2621FC9C6C00E74BFE /* LoginViewController.swift */; };
		92D03A2C21FC9C6E00E74BFE /* Assets.xcassets in Resources */ = {isa = PBXBuildFile; fileRef = 92D03A2B21FC9C6E00E74BFE /* Assets.xcassets */; };
		92D03A2F21FC9C6E00E74BFE /* LaunchScreen.storyboard in Resources */ = {isa = PBXBuildFile; fileRef = 92D03A2D21FC9C6E00E74BFE /* LaunchScreen.storyboard */; };
		92D03A3721FCAC4B00E74BFE /* RegisterViewController.swift in Sources */ = {isa = PBXBuildFile; fileRef = 92D03A3621FCAC4B00E74BFE /* RegisterViewController.swift */; };
		92D03A3921FCAEAB00E74BFE /* Coordinator.swift in Sources */ = {isa = PBXBuildFile; fileRef = 92D03A3821FCAEAB00E74BFE /* Coordinator.swift */; };
		92D03A3B21FCB1DF00E74BFE /* AppCoordinator.swift in Sources */ = {isa = PBXBuildFile; fileRef = 92D03A3A21FCB1DF00E74BFE /* AppCoordinator.swift */; };
		92D03A4221FCB7C200E74BFE /* HomeViewController.swift in Sources */ = {isa = PBXBuildFile; fileRef = 92D03A4121FCB7C200E74BFE /* HomeViewController.swift */; };
		B0C41CAB2DBDAE3085F35D12 /* Pods_Coordinator_Example.framework in Frameworks */ = {isa = PBXBuildFile; fileRef = C16BF69370C3940DC5F440B3 /* Pods_Coordinator_Example.framework */; };
/* End PBXBuildFile section */

/* Begin PBXFileReference section */
		401B78D38D644B70C026EBE4 /* Pods-Coordinator Example.debug.xcconfig */ = {isa = PBXFileReference; includeInIndex = 1; lastKnownFileType = text.xcconfig; name = "Pods-Coordinator Example.debug.xcconfig"; path = "Pods/Target Support Files/Pods-Coordinator Example/Pods-Coordinator Example.debug.xcconfig"; sourceTree = "<group>"; };
		4073F19EFC3E155F0A432E08 /* Pods-Coordinator Example.release.xcconfig */ = {isa = PBXFileReference; includeInIndex = 1; lastKnownFileType = text.xcconfig; name = "Pods-Coordinator Example.release.xcconfig"; path = "Pods/Target Support Files/Pods-Coordinator Example/Pods-Coordinator Example.release.xcconfig"; sourceTree = "<group>"; };
		92B1EE0521FCC42C00A61FB9 /* HomeCoordinator.swift */ = {isa = PBXFileReference; lastKnownFileType = sourcecode.swift; path = HomeCoordinator.swift; sourceTree = "<group>"; };
		92B1EE0721FCC5AB00A61FB9 /* DetailViewController.swift */ = {isa = PBXFileReference; lastKnownFileType = sourcecode.swift; path = DetailViewController.swift; sourceTree = "<group>"; };
		92B1EE0A21FCC78500A61FB9 /* SettingsCoordinator.swift */ = {isa = PBXFileReference; lastKnownFileType = sourcecode.swift; path = SettingsCoordinator.swift; sourceTree = "<group>"; };
		92B1EE0C21FCC79F00A61FB9 /* SettingsViewController.swift */ = {isa = PBXFileReference; lastKnownFileType = sourcecode.swift; path = SettingsViewController.swift; sourceTree = "<group>"; };
		92B1EE0E21FCC99E00A61FB9 /* AuthCoordinator.swift */ = {isa = PBXFileReference; lastKnownFileType = sourcecode.swift; path = AuthCoordinator.swift; sourceTree = "<group>"; };
		92B1EE1421FCCB1300A61FB9 /* ProfileCoordinator.swift */ = {isa = PBXFileReference; lastKnownFileType = sourcecode.swift; path = ProfileCoordinator.swift; sourceTree = "<group>"; };
		92B1EE1621FCCB2E00A61FB9 /* ProfileViewController.swift */ = {isa = PBXFileReference; lastKnownFileType = sourcecode.swift; path = ProfileViewController.swift; sourceTree = "<group>"; };
		92B1EE1821FCCCE200A61FB9 /* EditProfileViewController.swift */ = {isa = PBXFileReference; lastKnownFileType = sourcecode.swift; path = EditProfileViewController.swift; sourceTree = "<group>"; };
		92D03A2121FC9C6C00E74BFE /* Coordinator Example.app */ = {isa = PBXFileReference; explicitFileType = wrapper.application; includeInIndex = 0; path = "Coordinator Example.app"; sourceTree = BUILT_PRODUCTS_DIR; };
		92D03A2421FC9C6C00E74BFE /* AppDelegate.swift */ = {isa = PBXFileReference; lastKnownFileType = sourcecode.swift; path = AppDelegate.swift; sourceTree = "<group>"; };
		92D03A2621FC9C6C00E74BFE /* LoginViewController.swift */ = {isa = PBXFileReference; lastKnownFileType = sourcecode.swift; path = LoginViewController.swift; sourceTree = "<group>"; };
		92D03A2B21FC9C6E00E74BFE /* Assets.xcassets */ = {isa = PBXFileReference; lastKnownFileType = folder.assetcatalog; path = Assets.xcassets; sourceTree = "<group>"; };
		92D03A2E21FC9C6E00E74BFE /* Base */ = {isa = PBXFileReference; lastKnownFileType = file.storyboard; name = Base; path = Base.lproj/LaunchScreen.storyboard; sourceTree = "<group>"; };
		92D03A3021FC9C6E00E74BFE /* Info.plist */ = {isa = PBXFileReference; lastKnownFileType = text.plist.xml; path = Info.plist; sourceTree = "<group>"; };
		92D03A3621FCAC4B00E74BFE /* RegisterViewController.swift */ = {isa = PBXFileReference; lastKnownFileType = sourcecode.swift; path = RegisterViewController.swift; sourceTree = "<group>"; };
		92D03A3821FCAEAB00E74BFE /* Coordinator.swift */ = {isa = PBXFileReference; lastKnownFileType = sourcecode.swift; path = Coordinator.swift; sourceTree = "<group>"; };
		92D03A3A21FCB1DF00E74BFE /* AppCoordinator.swift */ = {isa = PBXFileReference; lastKnownFileType = sourcecode.swift; path = AppCoordinator.swift; sourceTree = "<group>"; };
		92D03A4121FCB7C200E74BFE /* HomeViewController.swift */ = {isa = PBXFileReference; lastKnownFileType = sourcecode.swift; path = HomeViewController.swift; sourceTree = "<group>"; };
		C16BF69370C3940DC5F440B3 /* Pods_Coordinator_Example.framework */ = {isa = PBXFileReference; explicitFileType = wrapper.framework; includeInIndex = 0; path = Pods_Coordinator_Example.framework; sourceTree = BUILT_PRODUCTS_DIR; };
/* End PBXFileReference section */

/* Begin PBXFrameworksBuildPhase section */
		92D03A1E21FC9C6C00E74BFE /* Frameworks */ = {
			isa = PBXFrameworksBuildPhase;
			buildActionMask = 2147483647;
			files = (
				B0C41CAB2DBDAE3085F35D12 /* Pods_Coordinator_Example.framework in Frameworks */,
			);
			runOnlyForDeploymentPostprocessing = 0;
		};
/* End PBXFrameworksBuildPhase section */

/* Begin PBXGroup section */
		32C0BC0FBB26C6675B0CAE5C /* Frameworks */ = {
			isa = PBXGroup;
			children = (
				C16BF69370C3940DC5F440B3 /* Pods_Coordinator_Example.framework */,
			);
			name = Frameworks;
			sourceTree = "<group>";
		};
		92B1EE0921FCC76800A61FB9 /* Module - Settings */ = {
			isa = PBXGroup;
			children = (
				92B1EE0A21FCC78500A61FB9 /* SettingsCoordinator.swift */,
				92B1EE0C21FCC79F00A61FB9 /* SettingsViewController.swift */,
			);
			path = "Module - Settings";
			sourceTree = "<group>";
		};
		92B1EE1021FCCAB000A61FB9 /* Views (Global) */ = {
			isa = PBXGroup;
			children = (
				92D03A2B21FC9C6E00E74BFE /* Assets.xcassets */,
				92D03A2D21FC9C6E00E74BFE /* LaunchScreen.storyboard */,
			);
			path = "Views (Global)";
			sourceTree = "<group>";
		};
		92B1EE1221FCCAD700A61FB9 /* Coordinator (Global) */ = {
			isa = PBXGroup;
			children = (
				92D03A3821FCAEAB00E74BFE /* Coordinator.swift */,
				92D03A3A21FCB1DF00E74BFE /* AppCoordinator.swift */,
			);
			path = "Coordinator (Global)";
			sourceTree = "<group>";
		};
		92B1EE1321FCCAF900A61FB9 /* Module - Profile */ = {
			isa = PBXGroup;
			children = (
				92B1EE1421FCCB1300A61FB9 /* ProfileCoordinator.swift */,
				92B1EE1621FCCB2E00A61FB9 /* ProfileViewController.swift */,
				92B1EE1821FCCCE200A61FB9 /* EditProfileViewController.swift */,
			);
			path = "Module - Profile";
			sourceTree = "<group>";
		};
		92D03A1821FC9C6C00E74BFE = {
			isa = PBXGroup;
			children = (
				92D03A2321FC9C6C00E74BFE /* Coordinator Example */,
				92D03A2221FC9C6C00E74BFE /* Products */,
				DED386D1F90D0DFFFECC76A4 /* Pods */,
				32C0BC0FBB26C6675B0CAE5C /* Frameworks */,
			);
			sourceTree = "<group>";
		};
		92D03A2221FC9C6C00E74BFE /* Products */ = {
			isa = PBXGroup;
			children = (
				92D03A2121FC9C6C00E74BFE /* Coordinator Example.app */,
			);
			name = Products;
			sourceTree = "<group>";
		};
		92D03A2321FC9C6C00E74BFE /* Coordinator Example */ = {
			isa = PBXGroup;
			children = (
				92B1EE1021FCCAB000A61FB9 /* Views (Global) */,
				92B1EE1221FCCAD700A61FB9 /* Coordinator (Global) */,
				92D03A3C21FCB5CB00E74BFE /* Module - Auth */,
				92D03A4021FCB7B200E74BFE /* Module - Home */,
				92B1EE1321FCCAF900A61FB9 /* Module - Profile */,
				92B1EE0921FCC76800A61FB9 /* Module - Settings */,
				92D03A2421FC9C6C00E74BFE /* AppDelegate.swift */,
				92D03A3021FC9C6E00E74BFE /* Info.plist */,
			);
			path = "Coordinator Example";
			sourceTree = "<group>";
		};
		92D03A3C21FCB5CB00E74BFE /* Module - Auth */ = {
			isa = PBXGroup;
			children = (
				92B1EE0E21FCC99E00A61FB9 /* AuthCoordinator.swift */,
				92D03A2621FC9C6C00E74BFE /* LoginViewController.swift */,
				92D03A3621FCAC4B00E74BFE /* RegisterViewController.swift */,
			);
			path = "Module - Auth";
			sourceTree = "<group>";
		};
		92D03A4021FCB7B200E74BFE /* Module - Home */ = {
			isa = PBXGroup;
			children = (
				92B1EE0521FCC42C00A61FB9 /* HomeCoordinator.swift */,
				92D03A4121FCB7C200E74BFE /* HomeViewController.swift */,
				92B1EE0721FCC5AB00A61FB9 /* DetailViewController.swift */,
			);
			path = "Module - Home";
			sourceTree = "<group>";
		};
		DED386D1F90D0DFFFECC76A4 /* Pods */ = {
			isa = PBXGroup;
			children = (
				401B78D38D644B70C026EBE4 /* Pods-Coordinator Example.debug.xcconfig */,
				4073F19EFC3E155F0A432E08 /* Pods-Coordinator Example.release.xcconfig */,
			);
			name = Pods;
			sourceTree = "<group>";
		};
/* End PBXGroup section */

/* Begin PBXNativeTarget section */
		92D03A2021FC9C6C00E74BFE /* Coordinator Example */ = {
			isa = PBXNativeTarget;
			buildConfigurationList = 92D03A3321FC9C6E00E74BFE /* Build configuration list for PBXNativeTarget "Coordinator Example" */;
			buildPhases = (
				258BC7F29C99B83D868E14E3 /* [CP] Check Pods Manifest.lock */,
				92D03A1D21FC9C6C00E74BFE /* Sources */,
				92D03A1E21FC9C6C00E74BFE /* Frameworks */,
				92D03A1F21FC9C6C00E74BFE /* Resources */,
				E68524785C3AAD87181298F1 /* [CP] Embed Pods Frameworks */,
			);
			buildRules = (
			);
			dependencies = (
			);
			name = "Coordinator Example";
			productName = "Coordinator Example";
			productReference = 92D03A2121FC9C6C00E74BFE /* Coordinator Example.app */;
			productType = "com.apple.product-type.application";
		};
/* End PBXNativeTarget section */

/* Begin PBXProject section */
		92D03A1921FC9C6C00E74BFE /* Project object */ = {
			isa = PBXProject;
			attributes = {
				LastSwiftUpdateCheck = 1010;
				LastUpgradeCheck = 1010;
				ORGANIZATIONNAME = "Arifin Firdaus";
				TargetAttributes = {
					92D03A2021FC9C6C00E74BFE = {
						CreatedOnToolsVersion = 10.1;
					};
				};
			};
			buildConfigurationList = 92D03A1C21FC9C6C00E74BFE /* Build configuration list for PBXProject "Coordinator Example" */;
			compatibilityVersion = "Xcode 9.3";
			developmentRegion = en;
			hasScannedForEncodings = 0;
			knownRegions = (
				en,
				Base,
			);
			mainGroup = 92D03A1821FC9C6C00E74BFE;
			productRefGroup = 92D03A2221FC9C6C00E74BFE /* Products */;
			projectDirPath = "";
			projectRoot = "";
			targets = (
				92D03A2021FC9C6C00E74BFE /* Coordinator Example */,
			);
		};
/* End PBXProject section */

/* Begin PBXResourcesBuildPhase section */
		92D03A1F21FC9C6C00E74BFE /* Resources */ = {
			isa = PBXResourcesBuildPhase;
			buildActionMask = 2147483647;
			files = (
				92D03A2F21FC9C6E00E74BFE /* LaunchScreen.storyboard in Resources */,
				92D03A2C21FC9C6E00E74BFE /* Assets.xcassets in Resources */,
			);
			runOnlyForDeploymentPostprocessing = 0;
		};
/* End PBXResourcesBuildPhase section */

/* Begin PBXShellScriptBuildPhase section */
		258BC7F29C99B83D868E14E3 /* [CP] Check Pods Manifest.lock */ = {
			isa = PBXShellScriptBuildPhase;
			buildActionMask = 2147483647;
			files = (
			);
			inputPaths = (
				"${PODS_PODFILE_DIR_PATH}/Podfile.lock",
				"${PODS_ROOT}/Manifest.lock",
			);
			name = "[CP] Check Pods Manifest.lock";
			outputPaths = (
				"$(DERIVED_FILE_DIR)/Pods-Coordinator Example-checkManifestLockResult.txt",
			);
			runOnlyForDeploymentPostprocessing = 0;
			shellPath = /bin/sh;
			shellScript = "diff \"${PODS_PODFILE_DIR_PATH}/Podfile.lock\" \"${PODS_ROOT}/Manifest.lock\" > /dev/null\nif [ $? != 0 ] ; then\n    # print error to STDERR\n    echo \"error: The sandbox is not in sync with the Podfile.lock. Run 'pod install' or update your CocoaPods installation.\" >&2\n    exit 1\nfi\n# This output is used by Xcode 'outputs' to avoid re-running this script phase.\necho \"SUCCESS\" > \"${SCRIPT_OUTPUT_FILE_0}\"\n";
			showEnvVarsInLog = 0;
		};
		E68524785C3AAD87181298F1 /* [CP] Embed Pods Frameworks */ = {
			isa = PBXShellScriptBuildPhase;
			buildActionMask = 2147483647;
			files = (
			);
			inputPaths = (
				"${SRCROOT}/Pods/Target Support Files/Pods-Coordinator Example/Pods-Coordinator Example-frameworks.sh",
				"${BUILT_PRODUCTS_DIR}/RxCocoa/RxCocoa.framework",
				"${BUILT_PRODUCTS_DIR}/RxSwift/RxSwift.framework",
				"${BUILT_PRODUCTS_DIR}/SnapKit/SnapKit.framework",
			);
			name = "[CP] Embed Pods Frameworks";
			outputPaths = (
				"${TARGET_BUILD_DIR}/${FRAMEWORKS_FOLDER_PATH}/RxCocoa.framework",
				"${TARGET_BUILD_DIR}/${FRAMEWORKS_FOLDER_PATH}/RxSwift.framework",
				"${TARGET_BUILD_DIR}/${FRAMEWORKS_FOLDER_PATH}/SnapKit.framework",
			);
			runOnlyForDeploymentPostprocessing = 0;
			shellPath = /bin/sh;
			shellScript = "\"${SRCROOT}/Pods/Target Support Files/Pods-Coordinator Example/Pods-Coordinator Example-frameworks.sh\"\n";
			showEnvVarsInLog = 0;
		};
/* End PBXShellScriptBuildPhase section */

/* Begin PBXSourcesBuildPhase section */
		92D03A1D21FC9C6C00E74BFE /* Sources */ = {
			isa = PBXSourcesBuildPhase;
			buildActionMask = 2147483647;
			files = (
				92D03A3921FCAEAB00E74BFE /* Coordinator.swift in Sources */,
				92D03A3721FCAC4B00E74BFE /* RegisterViewController.swift in Sources */,
				92D03A3B21FCB1DF00E74BFE /* AppCoordinator.swift in Sources */,
				92B1EE0D21FCC79F00A61FB9 /* SettingsViewController.swift in Sources */,
				92B1EE1521FCCB1300A61FB9 /* ProfileCoordinator.swift in Sources */,
				92D03A2721FC9C6C00E74BFE /* LoginViewController.swift in Sources */,
				92B1EE1921FCCCE200A61FB9 /* EditProfileViewController.swift in Sources */,
				92B1EE0B21FCC78500A61FB9 /* SettingsCoordinator.swift in Sources */,
				92B1EE0F21FCC99E00A61FB9 /* AuthCoordinator.swift in Sources */,
				92D03A2521FC9C6C00E74BFE /* AppDelegate.swift in Sources */,
				92B1EE0621FCC42C00A61FB9 /* HomeCoordinator.swift in Sources */,
				92B1EE1721FCCB2E00A61FB9 /* ProfileViewController.swift in Sources */,
				92D03A4221FCB7C200E74BFE /* HomeViewController.swift in Sources */,
				92B1EE0821FCC5AB00A61FB9 /* DetailViewController.swift in Sources */,
			);
			runOnlyForDeploymentPostprocessing = 0;
		};
/* End PBXSourcesBuildPhase section */

/* Begin PBXVariantGroup section */
		92D03A2D21FC9C6E00E74BFE /* LaunchScreen.storyboard */ = {
			isa = PBXVariantGroup;
			children = (
				92D03A2E21FC9C6E00E74BFE /* Base */,
			);
			name = LaunchScreen.storyboard;
			sourceTree = "<group>";
		};
/* End PBXVariantGroup section */

/* Begin XCBuildConfiguration section */
		92D03A3121FC9C6E00E74BFE /* Debug */ = {
			isa = XCBuildConfiguration;
			buildSettings = {
				ALWAYS_SEARCH_USER_PATHS = NO;
				CLANG_ANALYZER_NONNULL = YES;
				CLANG_ANALYZER_NUMBER_OBJECT_CONVERSION = YES_AGGRESSIVE;
				CLANG_CXX_LANGUAGE_STANDARD = "gnu++14";
				CLANG_CXX_LIBRARY = "libc++";
				CLANG_ENABLE_MODULES = YES;
				CLANG_ENABLE_OBJC_ARC = YES;
				CLANG_ENABLE_OBJC_WEAK = YES;
				CLANG_WARN_BLOCK_CAPTURE_AUTORELEASING = YES;
				CLANG_WARN_BOOL_CONVERSION = YES;
				CLANG_WARN_COMMA = YES;
				CLANG_WARN_CONSTANT_CONVERSION = YES;
				CLANG_WARN_DEPRECATED_OBJC_IMPLEMENTATIONS = YES;
				CLANG_WARN_DIRECT_OBJC_ISA_USAGE = YES_ERROR;
				CLANG_WARN_DOCUMENTATION_COMMENTS = YES;
				CLANG_WARN_EMPTY_BODY = YES;
				CLANG_WARN_ENUM_CONVERSION = YES;
				CLANG_WARN_INFINITE_RECURSION = YES;
				CLANG_WARN_INT_CONVERSION = YES;
				CLANG_WARN_NON_LITERAL_NULL_CONVERSION = YES;
				CLANG_WARN_OBJC_IMPLICIT_RETAIN_SELF = YES;
				CLANG_WARN_OBJC_LITERAL_CONVERSION = YES;
				CLANG_WARN_OBJC_ROOT_CLASS = YES_ERROR;
				CLANG_WARN_RANGE_LOOP_ANALYSIS = YES;
				CLANG_WARN_STRICT_PROTOTYPES = YES;
				CLANG_WARN_SUSPICIOUS_MOVE = YES;
				CLANG_WARN_UNGUARDED_AVAILABILITY = YES_AGGRESSIVE;
				CLANG_WARN_UNREACHABLE_CODE = YES;
				CLANG_WARN__DUPLICATE_METHOD_MATCH = YES;
				CODE_SIGN_IDENTITY = "iPhone Developer";
				COPY_PHASE_STRIP = NO;
				DEBUG_INFORMATION_FORMAT = dwarf;
				ENABLE_STRICT_OBJC_MSGSEND = YES;
				ENABLE_TESTABILITY = YES;
				GCC_C_LANGUAGE_STANDARD = gnu11;
				GCC_DYNAMIC_NO_PIC = NO;
				GCC_NO_COMMON_BLOCKS = YES;
				GCC_OPTIMIZATION_LEVEL = 0;
				GCC_PREPROCESSOR_DEFINITIONS = (
					"DEBUG=1",
					"$(inherited)",
				);
				GCC_WARN_64_TO_32_BIT_CONVERSION = YES;
				GCC_WARN_ABOUT_RETURN_TYPE = YES_ERROR;
				GCC_WARN_UNDECLARED_SELECTOR = YES;
				GCC_WARN_UNINITIALIZED_AUTOS = YES_AGGRESSIVE;
				GCC_WARN_UNUSED_FUNCTION = YES;
				GCC_WARN_UNUSED_VARIABLE = YES;
				IPHONEOS_DEPLOYMENT_TARGET = 12.1;
				MTL_ENABLE_DEBUG_INFO = INCLUDE_SOURCE;
				MTL_FAST_MATH = YES;
				ONLY_ACTIVE_ARCH = YES;
				SDKROOT = iphoneos;
				SWIFT_ACTIVE_COMPILATION_CONDITIONS = DEBUG;
				SWIFT_OPTIMIZATION_LEVEL = "-Onone";
			};
			name = Debug;
		};
		92D03A3221FC9C6E00E74BFE /* Release */ = {
			isa = XCBuildConfiguration;
			buildSettings = {
				ALWAYS_SEARCH_USER_PATHS = NO;
				CLANG_ANALYZER_NONNULL = YES;
				CLANG_ANALYZER_NUMBER_OBJECT_CONVERSION = YES_AGGRESSIVE;
				CLANG_CXX_LANGUAGE_STANDARD = "gnu++14";
				CLANG_CXX_LIBRARY = "libc++";
				CLANG_ENABLE_MODULES = YES;
				CLANG_ENABLE_OBJC_ARC = YES;
				CLANG_ENABLE_OBJC_WEAK = YES;
				CLANG_WARN_BLOCK_CAPTURE_AUTORELEASING = YES;
				CLANG_WARN_BOOL_CONVERSION = YES;
				CLANG_WARN_COMMA = YES;
				CLANG_WARN_CONSTANT_CONVERSION = YES;
				CLANG_WARN_DEPRECATED_OBJC_IMPLEMENTATIONS = YES;
				CLANG_WARN_DIRECT_OBJC_ISA_USAGE = YES_ERROR;
				CLANG_WARN_DOCUMENTATION_COMMENTS = YES;
				CLANG_WARN_EMPTY_BODY = YES;
				CLANG_WARN_ENUM_CONVERSION = YES;
				CLANG_WARN_INFINITE_RECURSION = YES;
				CLANG_WARN_INT_CONVERSION = YES;
				CLANG_WARN_NON_LITERAL_NULL_CONVERSION = YES;
				CLANG_WARN_OBJC_IMPLICIT_RETAIN_SELF = YES;
				CLANG_WARN_OBJC_LITERAL_CONVERSION = YES;
				CLANG_WARN_OBJC_ROOT_CLASS = YES_ERROR;
				CLANG_WARN_RANGE_LOOP_ANALYSIS = YES;
				CLANG_WARN_STRICT_PROTOTYPES = YES;
				CLANG_WARN_SUSPICIOUS_MOVE = YES;
				CLANG_WARN_UNGUARDED_AVAILABILITY = YES_AGGRESSIVE;
				CLANG_WARN_UNREACHABLE_CODE = YES;
				CLANG_WARN__DUPLICATE_METHOD_MATCH = YES;
				CODE_SIGN_IDENTITY = "iPhone Developer";
				COPY_PHASE_STRIP = NO;
				DEBUG_INFORMATION_FORMAT = "dwarf-with-dsym";
				ENABLE_NS_ASSERTIONS = NO;
				ENABLE_STRICT_OBJC_MSGSEND = YES;
				GCC_C_LANGUAGE_STANDARD = gnu11;
				GCC_NO_COMMON_BLOCKS = YES;
				GCC_WARN_64_TO_32_BIT_CONVERSION = YES;
				GCC_WARN_ABOUT_RETURN_TYPE = YES_ERROR;
				GCC_WARN_UNDECLARED_SELECTOR = YES;
				GCC_WARN_UNINITIALIZED_AUTOS = YES_AGGRESSIVE;
				GCC_WARN_UNUSED_FUNCTION = YES;
				GCC_WARN_UNUSED_VARIABLE = YES;
				IPHONEOS_DEPLOYMENT_TARGET = 12.1;
				MTL_ENABLE_DEBUG_INFO = NO;
				MTL_FAST_MATH = YES;
				SDKROOT = iphoneos;
				SWIFT_COMPILATION_MODE = wholemodule;
				SWIFT_OPTIMIZATION_LEVEL = "-O";
				VALIDATE_PRODUCT = YES;
			};
			name = Release;
		};
		92D03A3421FC9C6E00E74BFE /* Debug */ = {
			isa = XCBuildConfiguration;
			baseConfigurationReference = 401B78D38D644B70C026EBE4 /* Pods-Coordinator Example.debug.xcconfig */;
			buildSettings = {
				ASSETCATALOG_COMPILER_APPICON_NAME = AppIcon;
				CODE_SIGN_STYLE = Automatic;
				DEVELOPMENT_TEAM = V6T249GHKX;
				INFOPLIST_FILE = "Coordinator Example/Info.plist";
				LD_RUNPATH_SEARCH_PATHS = (
					"$(inherited)",
					"@executable_path/Frameworks",
				);
				PRODUCT_BUNDLE_IDENTIFIER = "com.arifinfrds.Coordinator-Example";
				PRODUCT_NAME = "$(TARGET_NAME)";
				SWIFT_VERSION = 4.2;
				TARGETED_DEVICE_FAMILY = "1,2";
			};
			name = Debug;
		};
		92D03A3521FC9C6E00E74BFE /* Release */ = {
			isa = XCBuildConfiguration;
			baseConfigurationReference = 4073F19EFC3E155F0A432E08 /* Pods-Coordinator Example.release.xcconfig */;
			buildSettings = {
				ASSETCATALOG_COMPILER_APPICON_NAME = AppIcon;
				CODE_SIGN_STYLE = Automatic;
				DEVELOPMENT_TEAM = V6T249GHKX;
				INFOPLIST_FILE = "Coordinator Example/Info.plist";
				LD_RUNPATH_SEARCH_PATHS = (
					"$(inherited)",
					"@executable_path/Frameworks",
				);
				PRODUCT_BUNDLE_IDENTIFIER = "com.arifinfrds.Coordinator-Example";
				PRODUCT_NAME = "$(TARGET_NAME)";
				SWIFT_VERSION = 4.2;
				TARGETED_DEVICE_FAMILY = "1,2";
			};
			name = Release;
		};
/* End XCBuildConfiguration section */

/* Begin XCConfigurationList section */
		92D03A1C21FC9C6C00E74BFE /* Build configuration list for PBXProject "Coordinator Example" */ = {
			isa = XCConfigurationList;
			buildConfigurations = (
				92D03A3121FC9C6E00E74BFE /* Debug */,
				92D03A3221FC9C6E00E74BFE /* Release */,
			);
			defaultConfigurationIsVisible = 0;
			defaultConfigurationName = Release;
		};
		92D03A3321FC9C6E00E74BFE /* Build configuration list for PBXNativeTarget "Coordinator Example" */ = {
			isa = XCConfigurationList;
			buildConfigurations = (
				92D03A3421FC9C6E00E74BFE /* Debug */,
				92D03A3521FC9C6E00E74BFE /* Release */,
			);
			defaultConfigurationIsVisible = 0;
			defaultConfigurationName = Release;
		};
/* End XCConfigurationList section */
	};
	rootObject = 92D03A1921FC9C6C00E74BFE /* Project object */;
}
